
Microsoft Visual Studio Solution File, Format Version 12.00
# Visual Studio Version 17
VisualStudioVersion = 17.9.34622.214
MinimumVisualStudioVersion = 10.0.40219.1
Project("{8BC9CEB8-8B4A-11D0-8D11-00A0C91BC942}") = "Code_Lai_OCEAN", "Code_Lai_OCEAN\Code_Lai_OCEAN.vcxproj", "{1F76F345-E469-4B23-AE14-72D7D569399D}"
EndProject
Global
	GlobalSection(SolutionConfigurationPlatforms) = preSolution
		Debug|x64 = Debug|x64
		Debug|x86 = Debug|x86
		Release|x64 = Release|x64
		Release|x86 = Release|x86
	EndGlobalSection
	GlobalSection(ProjectConfigurationPlatforms) = postSolution
		{1F76F345-E469-4B23-AE14-72D7D569399D}.Debug|x64.ActiveCfg = Debug|x64
		{1F76F345-E469-4B23-AE14-72D7D569399D}.Debug|x64.Build.0 = Debug|x64
		{1F76F345-E469-4B23-AE14-72D7D569399D}.Debug|x86.ActiveCfg = Debug|Win32
		{1F76F345-E469-4B23-AE14-72D7D569399D}.Debug|x86.Build.0 = Debug|Win32
		{1F76F345-E469-4B23-AE14-72D7D569399D}.Release|x64.ActiveCfg = Release|x64
		{1F76F345-E469-4B23-AE14-72D7D569399D}.Release|x64.Build.0 = Release|x64
		{1F76F345-E469-4B23-AE14-72D7D569399D}.Release|x86.ActiveCfg = Release|Win32
		{1F76F345-E469-4B23-AE14-72D7D569399D}.Release|x86.Build.0 = Release|Win32
	EndGlobalSection
	GlobalSection(SolutionProperties) = preSolution
		HideSolutionNode = FALSE
	EndGlobalSection
	GlobalSection(ExtensibilityGlobals) = postSolution
		SolutionGuid = {93DDC75E-844D-4025-9F0D-7EBE42887492}
	EndGlobalSection
EndGlobal
